
Microsoft Visual Studio Solution File, Format Version 12.00
# Visual Studio Version 17
VisualStudioVersion = 17.10.35013.160
MinimumVisualStudioVersion = 10.0.40219.1
Project("{FAE04EC0-301F-11D3-BF4B-00C04F79EFBC}") = "WebApplication1", "WebApplication1\WebApplication1.csproj", "{373E8248-58D7-4A57-B0EE-2F455F83FAA4}"
EndProject
Global
	GlobalSection(SolutionConfigurationPlatforms) = preSolution
		Debug|Any CPU = Debug|Any CPU
		Release|Any CPU = Release|Any CPU
	EndGlobalSection
	GlobalSection(ProjectConfigurationPlatforms) = postSolution
		{373E8248-58D7-4A57-B0EE-2F455F83FAA4}.Debug|Any CPU.ActiveCfg = Debug|Any CPU
		{373E8248-58D7-4A57-B0EE-2F455F83FAA4}.Debug|Any CPU.Build.0 = Debug|Any CPU
		{373E8248-58D7-4A57-B0EE-2F455F83FAA4}.Release|Any CPU.ActiveCfg = Release|Any CPU
		{373E8248-58D7-4A57-B0EE-2F455F83FAA4}.Release|Any CPU.Build.0 = Release|Any CPU
	EndGlobalSection
	GlobalSection(SolutionProperties) = preSolution
		HideSolutionNode = FALSE
	EndGlobalSection
	GlobalSection(ExtensibilityGlobals) = postSolution
		SolutionGuid = {1B0F86FC-38AB-4623-B1BA-0C4B0BE43591}
	EndGlobalSection
EndGlobal
